
Microsoft Visual Studio Solution File, Format Version 12.00
# Visual Studio 15
VisualStudioVersion = 15.0.27130.2026
MinimumVisualStudioVersion = 10.0.40219.1
Project("{8BC9CEB8-8B4A-11D0-8D11-00A0C91BC942}") = "BrotBoxEngine", "BrotBoxEngine\BrotBoxEngine.vcxproj", "{4359ECCF-E722-42E9-852B-84883D5D029D}"
EndProject
Global
	GlobalSection(SolutionConfigurationPlatforms) = preSolution
		Debug|x64 = Debug|x64
		Debug|x86 = Debug|x86
		Release|x64 = Release|x64
		Release|x86 = Release|x86
	EndGlobalSection
	GlobalSection(ProjectConfigurationPlatforms) = postSolution
		{4359ECCF-E722-42E9-852B-84883D5D029D}.Debug|x64.ActiveCfg = Debug|x64
		{4359ECCF-E722-42E9-852B-84883D5D029D}.Debug|x64.Build.0 = Debug|x64
		{4359ECCF-E722-42E9-852B-84883D5D029D}.Debug|x86.ActiveCfg = Debug|Win32
		{4359ECCF-E722-42E9-852B-84883D5D029D}.Debug|x86.Build.0 = Debug|Win32
		{4359ECCF-E722-42E9-852B-84883D5D029D}.Release|x64.ActiveCfg = Release|x64
		{4359ECCF-E722-42E9-852B-84883D5D029D}.Release|x64.Build.0 = Release|x64
		{4359ECCF-E722-42E9-852B-84883D5D029D}.Release|x86.ActiveCfg = Release|Win32
		{4359ECCF-E722-42E9-852B-84883D5D029D}.Release|x86.Build.0 = Release|Win32
	EndGlobalSection
	GlobalSection(SolutionProperties) = preSolution
		HideSolutionNode = FALSE
	EndGlobalSection
	GlobalSection(ExtensibilityGlobals) = postSolution
		SolutionGuid = {9A2BA99D-690B-4E7F-949A-C20010B75BB1}
	EndGlobalSection
EndGlobal
